// !$*UTF8*$!
{
	archiveVersion = 1;
	classes = {
	};
	objectVersion = 50;
	objects = {

/* Begin PBXBuildFile section */
		DDD6566424A3567F0045E77F /* AppDelegate.swift in Sources */ = {isa = PBXBuildFile; fileRef = DDD6566324A3567F0045E77F /* AppDelegate.swift */; };
		DDD6566624A3567F0045E77F /* SceneDelegate.swift in Sources */ = {isa = PBXBuildFile; fileRef = DDD6566524A3567F0045E77F /* SceneDelegate.swift */; };
		DDD6566824A3567F0045E77F /* RecipeListView.swift in Sources */ = {isa = PBXBuildFile; fileRef = DDD6566724A3567F0045E77F /* RecipeListView.swift */; };
		DDD6566A24A356810045E77F /* Assets.xcassets in Resources */ = {isa = PBXBuildFile; fileRef = DDD6566924A356810045E77F /* Assets.xcassets */; };
		DDD6566D24A356810045E77F /* Preview Assets.xcassets in Resources */ = {isa = PBXBuildFile; fileRef = DDD6566C24A356810045E77F /* Preview Assets.xcassets */; };
		DDD6567024A356810045E77F /* LaunchScreen.storyboard in Resources */ = {isa = PBXBuildFile; fileRef = DDD6566E24A356810045E77F /* LaunchScreen.storyboard */; };
		DDD6567B24A356810045E77F /* RecettesTests.swift in Sources */ = {isa = PBXBuildFile; fileRef = DDD6567A24A356810045E77F /* RecettesTests.swift */; };
		DDD6568624A356810045E77F /* RecettesUITests.swift in Sources */ = {isa = PBXBuildFile; fileRef = DDD6568524A356810045E77F /* RecettesUITests.swift */; };
		DDD6569624A356F10045E77F /* menu.json in Resources */ = {isa = PBXBuildFile; fileRef = DDD6569324A356F10045E77F /* menu.json */; };
		DDD6569824A356F10045E77F /* Menu.swift in Sources */ = {isa = PBXBuildFile; fileRef = DDD6569524A356F10045E77F /* Menu.swift */; };
		DDD6569A24A35A030045E77F /* Helper.swift in Sources */ = {isa = PBXBuildFile; fileRef = DDD6569924A35A030045E77F /* Helper.swift */; };
		DDD6569C24A373040045E77F /* ItemRow.swift in Sources */ = {isa = PBXBuildFile; fileRef = DDD6569B24A373040045E77F /* ItemRow.swift */; };
		DDD656A024A39BC90045E77F /* RecipeDetailView.swift in Sources */ = {isa = PBXBuildFile; fileRef = DDD6569F24A39BC90045E77F /* RecipeDetailView.swift */; };
/* End PBXBuildFile section */

/* Begin PBXContainerItemProxy section */
		DDD6567724A356810045E77F /* PBXContainerItemProxy */ = {
			isa = PBXContainerItemProxy;
			containerPortal = DDD6565824A3567F0045E77F /* Project object */;
			proxyType = 1;
			remoteGlobalIDString = DDD6565F24A3567F0045E77F;
			remoteInfo = Recettes;
		};
		DDD6568224A356810045E77F /* PBXContainerItemProxy */ = {
			isa = PBXContainerItemProxy;
			containerPortal = DDD6565824A3567F0045E77F /* Project object */;
			proxyType = 1;
			remoteGlobalIDString = DDD6565F24A3567F0045E77F;
			remoteInfo = Recettes;
		};
/* End PBXContainerItemProxy section */

/* Begin PBXFileReference section */
		DDD6566024A3567F0045E77F /* Recettes.app */ = {isa = PBXFileReference; explicitFileType = wrapper.application; includeInIndex = 0; path = Recettes.app; sourceTree = BUILT_PRODUCTS_DIR; };
		DDD6566324A3567F0045E77F /* AppDelegate.swift */ = {isa = PBXFileReference; lastKnownFileType = sourcecode.swift; path = AppDelegate.swift; sourceTree = "<group>"; };
		DDD6566524A3567F0045E77F /* SceneDelegate.swift */ = {isa = PBXFileReference; lastKnownFileType = sourcecode.swift; path = SceneDelegate.swift; sourceTree = "<group>"; };
		DDD6566724A3567F0045E77F /* RecipeListView.swift */ = {isa = PBXFileReference; lastKnownFileType = sourcecode.swift; path = RecipeListView.swift; sourceTree = "<group>"; };
		DDD6566924A356810045E77F /* Assets.xcassets */ = {isa = PBXFileReference; lastKnownFileType = folder.assetcatalog; path = Assets.xcassets; sourceTree = "<group>"; };
		DDD6566C24A356810045E77F /* Preview Assets.xcassets */ = {isa = PBXFileReference; lastKnownFileType = folder.assetcatalog; path = "Preview Assets.xcassets"; sourceTree = "<group>"; };
		DDD6566F24A356810045E77F /* Base */ = {isa = PBXFileReference; lastKnownFileType = file.storyboard; name = Base; path = Base.lproj/LaunchScreen.storyboard; sourceTree = "<group>"; };
		DDD6567124A356810045E77F /* Info.plist */ = {isa = PBXFileReference; lastKnownFileType = text.plist.xml; path = Info.plist; sourceTree = "<group>"; };
		DDD6567624A356810045E77F /* RecettesTests.xctest */ = {isa = PBXFileReference; explicitFileType = wrapper.cfbundle; includeInIndex = 0; path = RecettesTests.xctest; sourceTree = BUILT_PRODUCTS_DIR; };
		DDD6567A24A356810045E77F /* RecettesTests.swift */ = {isa = PBXFileReference; lastKnownFileType = sourcecode.swift; path = RecettesTests.swift; sourceTree = "<group>"; };
		DDD6567C24A356810045E77F /* Info.plist */ = {isa = PBXFileReference; lastKnownFileType = text.plist.xml; path = Info.plist; sourceTree = "<group>"; };
		DDD6568124A356810045E77F /* RecettesUITests.xctest */ = {isa = PBXFileReference; explicitFileType = wrapper.cfbundle; includeInIndex = 0; path = RecettesUITests.xctest; sourceTree = BUILT_PRODUCTS_DIR; };
		DDD6568524A356810045E77F /* RecettesUITests.swift */ = {isa = PBXFileReference; lastKnownFileType = sourcecode.swift; path = RecettesUITests.swift; sourceTree = "<group>"; };
		DDD6568724A356810045E77F /* Info.plist */ = {isa = PBXFileReference; lastKnownFileType = text.plist.xml; path = Info.plist; sourceTree = "<group>"; };
		DDD6569324A356F10045E77F /* menu.json */ = {isa = PBXFileReference; fileEncoding = 4; lastKnownFileType = text.json; name = menu.json; path = ../../../../Downloads/idine/menu.json; sourceTree = "<group>"; };
		DDD6569524A356F10045E77F /* Menu.swift */ = {isa = PBXFileReference; fileEncoding = 4; lastKnownFileType = sourcecode.swift; name = Menu.swift; path = ../../../../Downloads/idine/Menu.swift; sourceTree = "<group>"; };
		DDD6569924A35A030045E77F /* Helper.swift */ = {isa = PBXFileReference; fileEncoding = 4; lastKnownFileType = sourcecode.swift; name = Helper.swift; path = ../../../../Downloads/idine/Helper.swift; sourceTree = "<group>"; };
		DDD6569B24A373040045E77F /* ItemRow.swift */ = {isa = PBXFileReference; lastKnownFileType = sourcecode.swift; path = ItemRow.swift; sourceTree = "<group>"; };
		DDD6569F24A39BC90045E77F /* RecipeDetailView.swift */ = {isa = PBXFileReference; lastKnownFileType = sourcecode.swift; path = RecipeDetailView.swift; sourceTree = "<group>"; };
/* End PBXFileReference section */

/* Begin PBXFrameworksBuildPhase section */
		DDD6565D24A3567F0045E77F /* Frameworks */ = {
			isa = PBXFrameworksBuildPhase;
			buildActionMask = 2147483647;
			files = (
			);
			runOnlyForDeploymentPostprocessing = 0;
		};
		DDD6567324A356810045E77F /* Frameworks */ = {
			isa = PBXFrameworksBuildPhase;
			buildActionMask = 2147483647;
			files = (
			);
			runOnlyForDeploymentPostprocessing = 0;
		};
		DDD6567E24A356810045E77F /* Frameworks */ = {
			isa = PBXFrameworksBuildPhase;
			buildActionMask = 2147483647;
			files = (
			);
			runOnlyForDeploymentPostprocessing = 0;
		};
/* End PBXFrameworksBuildPhase section */

/* Begin PBXGroup section */
		DDD6565724A3567F0045E77F = {
			isa = PBXGroup;
			children = (
				DDD6566224A3567F0045E77F /* Recettes */,
				DDD6567924A356810045E77F /* RecettesTests */,
				DDD6568424A356810045E77F /* RecettesUITests */,
				DDD6566124A3567F0045E77F /* Products */,
			);
			sourceTree = "<group>";
		};
		DDD6566124A3567F0045E77F /* Products */ = {
			isa = PBXGroup;
			children = (
				DDD6566024A3567F0045E77F /* Recettes.app */,
				DDD6567624A356810045E77F /* RecettesTests.xctest */,
				DDD6568124A356810045E77F /* RecettesUITests.xctest */,
			);
			name = Products;
			sourceTree = "<group>";
		};
		DDD6566224A3567F0045E77F /* Recettes */ = {
			isa = PBXGroup;
			children = (
				DDD6566724A3567F0045E77F /* RecipeListView.swift */,
				DDD6566324A3567F0045E77F /* AppDelegate.swift */,
				DDD6569924A35A030045E77F /* Helper.swift */,
				DDD6569B24A373040045E77F /* ItemRow.swift */,
				DDD6569F24A39BC90045E77F /* RecipeDetailView.swift */,
				DDD6569524A356F10045E77F /* Menu.swift */,
				DDD6566524A3567F0045E77F /* SceneDelegate.swift */,
				DDD6566924A356810045E77F /* Assets.xcassets */,
				DDD6566E24A356810045E77F /* LaunchScreen.storyboard */,
				DDD6567124A356810045E77F /* Info.plist */,
				DDD6569324A356F10045E77F /* menu.json */,
				DDD6566B24A356810045E77F /* Preview Content */,
			);
			path = Recettes;
			sourceTree = "<group>";
		};
		DDD6566B24A356810045E77F /* Preview Content */ = {
			isa = PBXGroup;
			children = (
				DDD6566C24A356810045E77F /* Preview Assets.xcassets */,
			);
			path = "Preview Content";
			sourceTree = "<group>";
		};
		DDD6567924A356810045E77F /* RecettesTests */ = {
			isa = PBXGroup;
			children = (
				DDD6567A24A356810045E77F /* RecettesTests.swift */,
				DDD6567C24A356810045E77F /* Info.plist */,
			);
			path = RecettesTests;
			sourceTree = "<group>";
		};
		DDD6568424A356810045E77F /* RecettesUITests */ = {
			isa = PBXGroup;
			children = (
				DDD6568524A356810045E77F /* RecettesUITests.swift */,
				DDD6568724A356810045E77F /* Info.plist */,
			);
			path = RecettesUITests;
			sourceTree = "<group>";
		};
/* End PBXGroup section */

/* Begin PBXNativeTarget section */
		DDD6565F24A3567F0045E77F /* Recettes */ = {
			isa = PBXNativeTarget;
			buildConfigurationList = DDD6568A24A356810045E77F /* Build configuration list for PBXNativeTarget "Recettes" */;
			buildPhases = (
				DDD6565C24A3567F0045E77F /* Sources */,
				DDD6565D24A3567F0045E77F /* Frameworks */,
				DDD6565E24A3567F0045E77F /* Resources */,
			);
			buildRules = (
			);
			dependencies = (
			);
			name = Recettes;
			productName = Recettes;
			productReference = DDD6566024A3567F0045E77F /* Recettes.app */;
			productType = "com.apple.product-type.application";
		};
		DDD6567524A356810045E77F /* RecettesTests */ = {
			isa = PBXNativeTarget;
			buildConfigurationList = DDD6568D24A356810045E77F /* Build configuration list for PBXNativeTarget "RecettesTests" */;
			buildPhases = (
				DDD6567224A356810045E77F /* Sources */,
				DDD6567324A356810045E77F /* Frameworks */,
				DDD6567424A356810045E77F /* Resources */,
			);
			buildRules = (
			);
			dependencies = (
				DDD6567824A356810045E77F /* PBXTargetDependency */,
			);
			name = RecettesTests;
			productName = RecettesTests;
			productReference = DDD6567624A356810045E77F /* RecettesTests.xctest */;
			productType = "com.apple.product-type.bundle.unit-test";
		};
		DDD6568024A356810045E77F /* RecettesUITests */ = {
			isa = PBXNativeTarget;
			buildConfigurationList = DDD6569024A356810045E77F /* Build configuration list for PBXNativeTarget "RecettesUITests" */;
			buildPhases = (
				DDD6567D24A356810045E77F /* Sources */,
				DDD6567E24A356810045E77F /* Frameworks */,
				DDD6567F24A356810045E77F /* Resources */,
			);
			buildRules = (
			);
			dependencies = (
				DDD6568324A356810045E77F /* PBXTargetDependency */,
			);
			name = RecettesUITests;
			productName = RecettesUITests;
			productReference = DDD6568124A356810045E77F /* RecettesUITests.xctest */;
			productType = "com.apple.product-type.bundle.ui-testing";
		};
/* End PBXNativeTarget section */

/* Begin PBXProject section */
		DDD6565824A3567F0045E77F /* Project object */ = {
			isa = PBXProject;
			attributes = {
				LastSwiftUpdateCheck = 1150;
				LastUpgradeCheck = 1150;
				ORGANIZATIONNAME = "Ken Gassy";
				TargetAttributes = {
					DDD6565F24A3567F0045E77F = {
						CreatedOnToolsVersion = 11.5;
					};
					DDD6567524A356810045E77F = {
						CreatedOnToolsVersion = 11.5;
						TestTargetID = DDD6565F24A3567F0045E77F;
					};
					DDD6568024A356810045E77F = {
						CreatedOnToolsVersion = 11.5;
						TestTargetID = DDD6565F24A3567F0045E77F;
					};
				};
			};
			buildConfigurationList = DDD6565B24A3567F0045E77F /* Build configuration list for PBXProject "Recettes" */;
			compatibilityVersion = "Xcode 9.3";
			developmentRegion = en;
			hasScannedForEncodings = 0;
			knownRegions = (
				en,
				Base,
			);
			mainGroup = DDD6565724A3567F0045E77F;
			productRefGroup = DDD6566124A3567F0045E77F /* Products */;
			projectDirPath = "";
			projectRoot = "";
			targets = (
				DDD6565F24A3567F0045E77F /* Recettes */,
				DDD6567524A356810045E77F /* RecettesTests */,
				DDD6568024A356810045E77F /* RecettesUITests */,
			);
		};
/* End PBXProject section */

/* Begin PBXResourcesBuildPhase section */
		DDD6565E24A3567F0045E77F /* Resources */ = {
			isa = PBXResourcesBuildPhase;
			buildActionMask = 2147483647;
			files = (
				DDD6569624A356F10045E77F /* menu.json in Resources */,
				DDD6567024A356810045E77F /* LaunchScreen.storyboard in Resources */,
				DDD6566D24A356810045E77F /* Preview Assets.xcassets in Resources */,
				DDD6566A24A356810045E77F /* Assets.xcassets in Resources */,
			);
			runOnlyForDeploymentPostprocessing = 0;
		};
		DDD6567424A356810045E77F /* Resources */ = {
			isa = PBXResourcesBuildPhase;
			buildActionMask = 2147483647;
			files = (
			);
			runOnlyForDeploymentPostprocessing = 0;
		};
		DDD6567F24A356810045E77F /* Resources */ = {
			isa = PBXResourcesBuildPhase;
			buildActionMask = 2147483647;
			files = (
			);
			runOnlyForDeploymentPostprocessing = 0;
		};
/* End PBXResourcesBuildPhase section */

/* Begin PBXSourcesBuildPhase section */
		DDD6565C24A3567F0045E77F /* Sources */ = {
			isa = PBXSourcesBuildPhase;
			buildActionMask = 2147483647;
			files = (
				DDD6566424A3567F0045E77F /* AppDelegate.swift in Sources */,
				DDD6566624A3567F0045E77F /* SceneDelegate.swift in Sources */,
				DDD6566824A3567F0045E77F /* RecipeListView.swift in Sources */,
				DDD656A024A39BC90045E77F /* RecipeDetailView.swift in Sources */,
				DDD6569C24A373040045E77F /* ItemRow.swift in Sources */,
				DDD6569824A356F10045E77F /* Menu.swift in Sources */,
				DDD6569A24A35A030045E77F /* Helper.swift in Sources */,
			);
			runOnlyForDeploymentPostprocessing = 0;
		};
		DDD6567224A356810045E77F /* Sources */ = {
			isa = PBXSourcesBuildPhase;
			buildActionMask = 2147483647;
			files = (
				DDD6567B24A356810045E77F /* RecettesTests.swift in Sources */,
			);
			runOnlyForDeploymentPostprocessing = 0;
		};
		DDD6567D24A356810045E77F /* Sources */ = {
			isa = PBXSourcesBuildPhase;
			buildActionMask = 2147483647;
			files = (
				DDD6568624A356810045E77F /* RecettesUITests.swift in Sources */,
			);
			runOnlyForDeploymentPostprocessing = 0;
		};
/* End PBXSourcesBuildPhase section */

/* Begin PBXTargetDependency section */
		DDD6567824A356810045E77F /* PBXTargetDependency */ = {
			isa = PBXTargetDependency;
			target = DDD6565F24A3567F0045E77F /* Recettes */;
			targetProxy = DDD6567724A356810045E77F /* PBXContainerItemProxy */;
		};
		DDD6568324A356810045E77F /* PBXTargetDependency */ = {
			isa = PBXTargetDependency;
			target = DDD6565F24A3567F0045E77F /* Recettes */;
			targetProxy = DDD6568224A356810045E77F /* PBXContainerItemProxy */;
		};
/* End PBXTargetDependency section */

/* Begin PBXVariantGroup section */
		DDD6566E24A356810045E77F /* LaunchScreen.storyboard */ = {
			isa = PBXVariantGroup;
			children = (
				DDD6566F24A356810045E77F /* Base */,
			);
			name = LaunchScreen.storyboard;
			sourceTree = "<group>";
		};
/* End PBXVariantGroup section */

/* Begin XCBuildConfiguration section */
		DDD6568824A356810045E77F /* Debug */ = {
			isa = XCBuildConfiguration;
			buildSettings = {
				ALWAYS_SEARCH_USER_PATHS = NO;
				CLANG_ANALYZER_NONNULL = YES;
				CLANG_ANALYZER_NUMBER_OBJECT_CONVERSION = YES_AGGRESSIVE;
				CLANG_CXX_LANGUAGE_STANDARD = "gnu++14";
				CLANG_CXX_LIBRARY = "libc++";
				CLANG_ENABLE_MODULES = YES;
				CLANG_ENABLE_OBJC_ARC = YES;
				CLANG_ENABLE_OBJC_WEAK = YES;
				CLANG_WARN_BLOCK_CAPTURE_AUTORELEASING = YES;
				CLANG_WARN_BOOL_CONVERSION = YES;
				CLANG_WARN_COMMA = YES;
				CLANG_WARN_CONSTANT_CONVERSION = YES;
				CLANG_WARN_DEPRECATED_OBJC_IMPLEMENTATIONS = YES;
				CLANG_WARN_DIRECT_OBJC_ISA_USAGE = YES_ERROR;
				CLANG_WARN_DOCUMENTATION_COMMENTS = YES;
				CLANG_WARN_EMPTY_BODY = YES;
				CLANG_WARN_ENUM_CONVERSION = YES;
				CLANG_WARN_INFINITE_RECURSION = YES;
				CLANG_WARN_INT_CONVERSION = YES;
				CLANG_WARN_NON_LITERAL_NULL_CONVERSION = YES;
				CLANG_WARN_OBJC_IMPLICIT_RETAIN_SELF = YES;
				CLANG_WARN_OBJC_LITERAL_CONVERSION = YES;
				CLANG_WARN_OBJC_ROOT_CLASS = YES_ERROR;
				CLANG_WARN_RANGE_LOOP_ANALYSIS = YES;
				CLANG_WARN_STRICT_PROTOTYPES = YES;
				CLANG_WARN_SUSPICIOUS_MOVE = YES;
				CLANG_WARN_UNGUARDED_AVAILABILITY = YES_AGGRESSIVE;
				CLANG_WARN_UNREACHABLE_CODE = YES;
				CLANG_WARN__DUPLICATE_METHOD_MATCH = YES;
				COPY_PHASE_STRIP = NO;
				DEBUG_INFORMATION_FORMAT = dwarf;
				ENABLE_STRICT_OBJC_MSGSEND = YES;
				ENABLE_TESTABILITY = YES;
				GCC_C_LANGUAGE_STANDARD = gnu11;
				GCC_DYNAMIC_NO_PIC = NO;
				GCC_NO_COMMON_BLOCKS = YES;
				GCC_OPTIMIZATION_LEVEL = 0;
				GCC_PREPROCESSOR_DEFINITIONS = (
					"DEBUG=1",
					"$(inherited)",
				);
				GCC_WARN_64_TO_32_BIT_CONVERSION = YES;
				GCC_WARN_ABOUT_RETURN_TYPE = YES_ERROR;
				GCC_WARN_UNDECLARED_SELECTOR = YES;
				GCC_WARN_UNINITIALIZED_AUTOS = YES_AGGRESSIVE;
				GCC_WARN_UNUSED_FUNCTION = YES;
				GCC_WARN_UNUSED_VARIABLE = YES;
				IPHONEOS_DEPLOYMENT_TARGET = 13.5;
				MTL_ENABLE_DEBUG_INFO = INCLUDE_SOURCE;
				MTL_FAST_MATH = YES;
				ONLY_ACTIVE_ARCH = YES;
				SDKROOT = iphoneos;
				SWIFT_ACTIVE_COMPILATION_CONDITIONS = DEBUG;
				SWIFT_OPTIMIZATION_LEVEL = "-Onone";
			};
			name = Debug;
		};
		DDD6568924A356810045E77F /* Release */ = {
			isa = XCBuildConfiguration;
			buildSettings = {
				ALWAYS_SEARCH_USER_PATHS = NO;
				CLANG_ANALYZER_NONNULL = YES;
				CLANG_ANALYZER_NUMBER_OBJECT_CONVERSION = YES_AGGRESSIVE;
				CLANG_CXX_LANGUAGE_STANDARD = "gnu++14";
				CLANG_CXX_LIBRARY = "libc++";
				CLANG_ENABLE_MODULES = YES;
				CLANG_ENABLE_OBJC_ARC = YES;
				CLANG_ENABLE_OBJC_WEAK = YES;
				CLANG_WARN_BLOCK_CAPTURE_AUTORELEASING = YES;
				CLANG_WARN_BOOL_CONVERSION = YES;
				CLANG_WARN_COMMA = YES;
				CLANG_WARN_CONSTANT_CONVERSION = YES;
				CLANG_WARN_DEPRECATED_OBJC_IMPLEMENTATIONS = YES;
				CLANG_WARN_DIRECT_OBJC_ISA_USAGE = YES_ERROR;
				CLANG_WARN_DOCUMENTATION_COMMENTS = YES;
				CLANG_WARN_EMPTY_BODY = YES;
				CLANG_WARN_ENUM_CONVERSION = YES;
				CLANG_WARN_INFINITE_RECURSION = YES;
				CLANG_WARN_INT_CONVERSION = YES;
				CLANG_WARN_NON_LITERAL_NULL_CONVERSION = YES;
				CLANG_WARN_OBJC_IMPLICIT_RETAIN_SELF = YES;
				CLANG_WARN_OBJC_LITERAL_CONVERSION = YES;
				CLANG_WARN_OBJC_ROOT_CLASS = YES_ERROR;
				CLANG_WARN_RANGE_LOOP_ANALYSIS = YES;
				CLANG_WARN_STRICT_PROTOTYPES = YES;
				CLANG_WARN_SUSPICIOUS_MOVE = YES;
				CLANG_WARN_UNGUARDED_AVAILABILITY = YES_AGGRESSIVE;
				CLANG_WARN_UNREACHABLE_CODE = YES;
				CLANG_WARN__DUPLICATE_METHOD_MATCH = YES;
				COPY_PHASE_STRIP = NO;
				DEBUG_INFORMATION_FORMAT = "dwarf-with-dsym";
				ENABLE_NS_ASSERTIONS = NO;
				ENABLE_STRICT_OBJC_MSGSEND = YES;
				GCC_C_LANGUAGE_STANDARD = gnu11;
				GCC_NO_COMMON_BLOCKS = YES;
				GCC_WARN_64_TO_32_BIT_CONVERSION = YES;
				GCC_WARN_ABOUT_RETURN_TYPE = YES_ERROR;
				GCC_WARN_UNDECLARED_SELECTOR = YES;
				GCC_WARN_UNINITIALIZED_AUTOS = YES_AGGRESSIVE;
				GCC_WARN_UNUSED_FUNCTION = YES;
				GCC_WARN_UNUSED_VARIABLE = YES;
				IPHONEOS_DEPLOYMENT_TARGET = 13.5;
				MTL_ENABLE_DEBUG_INFO = NO;
				MTL_FAST_MATH = YES;
				SDKROOT = iphoneos;
				SWIFT_COMPILATION_MODE = wholemodule;
				SWIFT_OPTIMIZATION_LEVEL = "-O";
				VALIDATE_PRODUCT = YES;
			};
			name = Release;
		};
		DDD6568B24A356810045E77F /* Debug */ = {
			isa = XCBuildConfiguration;
			buildSettings = {
				ASSETCATALOG_COMPILER_APPICON_NAME = AppIcon;
				CODE_SIGN_STYLE = Automatic;
				DEVELOPMENT_ASSET_PATHS = "\"Recettes/Preview Content\"";
				DEVELOPMENT_TEAM = SLG9525V5U;
				ENABLE_PREVIEWS = YES;
				INFOPLIST_FILE = Recettes/Info.plist;
				LD_RUNPATH_SEARCH_PATHS = (
					"$(inherited)",
					"@executable_path/Frameworks",
				);
				PRODUCT_BUNDLE_IDENTIFIER = keng.com.Recettes;
				PRODUCT_NAME = "$(TARGET_NAME)";
				SWIFT_VERSION = 5.0;
				TARGETED_DEVICE_FAMILY = "1,2";
			};
			name = Debug;
		};
		DDD6568C24A356810045E77F /* Release */ = {
			isa = XCBuildConfiguration;
			buildSettings = {
				ASSETCATALOG_COMPILER_APPICON_NAME = AppIcon;
				CODE_SIGN_STYLE = Automatic;
				DEVELOPMENT_ASSET_PATHS = "\"Recettes/Preview Content\"";
				DEVELOPMENT_TEAM = SLG9525V5U;
				ENABLE_PREVIEWS = YES;
				INFOPLIST_FILE = Recettes/Info.plist;
				LD_RUNPATH_SEARCH_PATHS = (
					"$(inherited)",
					"@executable_path/Frameworks",
				);
				PRODUCT_BUNDLE_IDENTIFIER = keng.com.Recettes;
				PRODUCT_NAME = "$(TARGET_NAME)";
				SWIFT_VERSION = 5.0;
				TARGETED_DEVICE_FAMILY = "1,2";
			};
			name = Release;
		};
		DDD6568E24A356810045E77F /* Debug */ = {
			isa = XCBuildConfiguration;
			buildSettings = {
				ALWAYS_EMBED_SWIFT_STANDARD_LIBRARIES = YES;
				BUNDLE_LOADER = "$(TEST_HOST)";
				CODE_SIGN_STYLE = Automatic;
				DEVELOPMENT_TEAM = SLG9525V5U;
				INFOPLIST_FILE = RecettesTests/Info.plist;
				IPHONEOS_DEPLOYMENT_TARGET = 13.5;
				LD_RUNPATH_SEARCH_PATHS = (
					"$(inherited)",
					"@executable_path/Frameworks",
					"@loader_path/Frameworks",
				);
				PRODUCT_BUNDLE_IDENTIFIER = keng.com.RecettesTests;
				PRODUCT_NAME = "$(TARGET_NAME)";
				SWIFT_VERSION = 5.0;
				TARGETED_DEVICE_FAMILY = "1,2";
				TEST_HOST = "$(BUILT_PRODUCTS_DIR)/Recettes.app/Recettes";
			};
			name = Debug;
		};
		DDD6568F24A356810045E77F /* Release */ = {
			isa = XCBuildConfiguration;
			buildSettings = {
				ALWAYS_EMBED_SWIFT_STANDARD_LIBRARIES = YES;
				BUNDLE_LOADER = "$(TEST_HOST)";
				CODE_SIGN_STYLE = Automatic;
				DEVELOPMENT_TEAM = SLG9525V5U;
				INFOPLIST_FILE = RecettesTests/Info.plist;
				IPHONEOS_DEPLOYMENT_TARGET = 13.5;
				LD_RUNPATH_SEARCH_PATHS = (
					"$(inherited)",
					"@executable_path/Frameworks",
					"@loader_path/Frameworks",
				);
				PRODUCT_BUNDLE_IDENTIFIER = keng.com.RecettesTests;
				PRODUCT_NAME = "$(TARGET_NAME)";
				SWIFT_VERSION = 5.0;
				TARGETED_DEVICE_FAMILY = "1,2";
				TEST_HOST = "$(BUILT_PRODUCTS_DIR)/Recettes.app/Recettes";
			};
			name = Release;
		};
		DDD6569124A356810045E77F /* Debug */ = {
			isa = XCBuildConfiguration;
			buildSettings = {
				ALWAYS_EMBED_SWIFT_STANDARD_LIBRARIES = YES;
				CODE_SIGN_STYLE = Automatic;
				DEVELOPMENT_TEAM = SLG9525V5U;
				INFOPLIST_FILE = RecettesUITests/Info.plist;
				LD_RUNPATH_SEARCH_PATHS = (
					"$(inherited)",
					"@executable_path/Frameworks",
					"@loader_path/Frameworks",
				);
				PRODUCT_BUNDLE_IDENTIFIER = keng.com.RecettesUITests;
				PRODUCT_NAME = "$(TARGET_NAME)";
				SWIFT_VERSION = 5.0;
				TARGETED_DEVICE_FAMILY = "1,2";
				TEST_TARGET_NAME = Recettes;
			};
			name = Debug;
		};
		DDD6569224A356810045E77F /* Release */ = {
			isa = XCBuildConfiguration;
			buildSettings = {
				ALWAYS_EMBED_SWIFT_STANDARD_LIBRARIES = YES;
				CODE_SIGN_STYLE = Automatic;
				DEVELOPMENT_TEAM = SLG9525V5U;
				INFOPLIST_FILE = RecettesUITests/Info.plist;
				LD_RUNPATH_SEARCH_PATHS = (
					"$(inherited)",
					"@executable_path/Frameworks",
					"@loader_path/Frameworks",
				);
				PRODUCT_BUNDLE_IDENTIFIER = keng.com.RecettesUITests;
				PRODUCT_NAME = "$(TARGET_NAME)";
				SWIFT_VERSION = 5.0;
				TARGETED_DEVICE_FAMILY = "1,2";
				TEST_TARGET_NAME = Recettes;
			};
			name = Release;
		};
/* End XCBuildConfiguration section */

/* Begin XCConfigurationList section */
		DDD6565B24A3567F0045E77F /* Build configuration list for PBXProject "Recettes" */ = {
			isa = XCConfigurationList;
			buildConfigurations = (
				DDD6568824A356810045E77F /* Debug */,
				DDD6568924A356810045E77F /* Release */,
			);
			defaultConfigurationIsVisible = 0;
			defaultConfigurationName = Release;
		};
		DDD6568A24A356810045E77F /* Build configuration list for PBXNativeTarget "Recettes" */ = {
			isa = XCConfigurationList;
			buildConfigurations = (
				DDD6568B24A356810045E77F /* Debug */,
				DDD6568C24A356810045E77F /* Release */,
			);
			defaultConfigurationIsVisible = 0;
			defaultConfigurationName = Release;
		};
		DDD6568D24A356810045E77F /* Build configuration list for PBXNativeTarget "RecettesTests" */ = {
			isa = XCConfigurationList;
			buildConfigurations = (
				DDD6568E24A356810045E77F /* Debug */,
				DDD6568F24A356810045E77F /* Release */,
			);
			defaultConfigurationIsVisible = 0;
			defaultConfigurationName = Release;
		};
		DDD6569024A356810045E77F /* Build configuration list for PBXNativeTarget "RecettesUITests" */ = {
			isa = XCConfigurationList;
			buildConfigurations = (
				DDD6569124A356810045E77F /* Debug */,
				DDD6569224A356810045E77F /* Release */,
			);
			defaultConfigurationIsVisible = 0;
			defaultConfigurationName = Release;
		};
/* End XCConfigurationList section */
	};
	rootObject = DDD6565824A3567F0045E77F /* Project object */;
}
